hash: 49d95486fd22138ef01a2c84ff8204aa6f4eb0f9df56eeca8325bd6d3d28d22b
updated: 2017-10-28T19:44:46.86015225+08:00
imports:
- name: github.com/go-playground/locales
  version: e4cbcb5d0652150d40ad0646651076b6bd2be4f6
  subpackages:
  - currency
- name: github.com/go-playground/universal-translator
  version: 71201497bace774495daed26a3874fd339e0b538
- name: github.com/gorilla/schema
  version: 8b1100835db5bbdae88541510f70d114b91a7e4d
- name: github.com/julienschmidt/httprouter
  version: e1b9828bc9e5904baec057a154c09ca40fe7fae0
- name: github.com/sirupsen/logrus
  version: f006c2ac4710855cf0f916dd6b77acf6b048dc6e
- name: golang.org/x/crypto
  version: 2509b142fb2b797aa7587dad548f113b2c0f20ce
  subpackages:
  - ssh/terminal
- name: golang.org/x/net
  version: c73622c77280266305273cb545f54516ced95b93
  subpackages:
  - context
  - internal/timeseries
  - trace
- name: golang.org/x/sys
  version: 661970f62f5897bc0cd5fdca7e087ba8a98a8fa1
  subpackages:
  - unix
  - windows
- name: gopkg.in/go-playground/validator.v9
  version: 1304298bf10d085adec514b076772a79c9cadb6b
testImports: []
